
Microsoft Visual Studio Solution File, Format Version 12.00
# Visual Studio Version 17
VisualStudioVersion = 17.8.34330.188
MinimumVisualStudioVersion = 10.0.40219.1
Project("{FAE04EC0-301F-11D3-BF4B-00C04F79EFBC}") = "Serializacion-Deserializacion-objetos-JSON", "Serializacion-Deserializacion-objetos-JSON\Serializacion-Deserializacion-objetos-JSON.csproj", "{BACDA6AF-FE09-4945-8D89-E8B8DA5D0670}"
EndProject
Global
	GlobalSection(SolutionConfigurationPlatforms) = preSolution
		Debug|Any CPU = Debug|Any CPU
		Release|Any CPU = Release|Any CPU
	EndGlobalSection
	GlobalSection(ProjectConfigurationPlatforms) = postSolution
		{BACDA6AF-FE09-4945-8D89-E8B8DA5D0670}.Debug|Any CPU.ActiveCfg = Debug|Any CPU
		{BACDA6AF-FE09-4945-8D89-E8B8DA5D0670}.Debug|Any CPU.Build.0 = Debug|Any CPU
		{BACDA6AF-FE09-4945-8D89-E8B8DA5D0670}.Release|Any CPU.ActiveCfg = Release|Any CPU
		{BACDA6AF-FE09-4945-8D89-E8B8DA5D0670}.Release|Any CPU.Build.0 = Release|Any CPU
	EndGlobalSection
	GlobalSection(SolutionProperties) = preSolution
		HideSolutionNode = FALSE
	EndGlobalSection
	GlobalSection(ExtensibilityGlobals) = postSolution
		SolutionGuid = {14815A55-C15F-4759-9983-5BA680789615}
	EndGlobalSection
EndGlobal
