
Microsoft Visual Studio Solution File, Format Version 12.00
# Visual Studio Version 17
VisualStudioVersion = 17.8.34330.188
MinimumVisualStudioVersion = 10.0.40219.1
Project("{FAE04EC0-301F-11D3-BF4B-00C04F79EFBC}") = "1.Creacion-de-Objetos", "1.Creacion-de-Objetos\1.Creacion-de-Objetos.csproj", "{598E82F3-4B2B-4727-B18D-38979B84734F}"
EndProject
Global
	GlobalSection(SolutionConfigurationPlatforms) = preSolution
		Debug|Any CPU = Debug|Any CPU
		Release|Any CPU = Release|Any CPU
	EndGlobalSection
	GlobalSection(ProjectConfigurationPlatforms) = postSolution
		{598E82F3-4B2B-4727-B18D-38979B84734F}.Debug|Any CPU.ActiveCfg = Debug|Any CPU
		{598E82F3-4B2B-4727-B18D-38979B84734F}.Debug|Any CPU.Build.0 = Debug|Any CPU
		{598E82F3-4B2B-4727-B18D-38979B84734F}.Release|Any CPU.ActiveCfg = Release|Any CPU
		{598E82F3-4B2B-4727-B18D-38979B84734F}.Release|Any CPU.Build.0 = Release|Any CPU
	EndGlobalSection
	GlobalSection(SolutionProperties) = preSolution
		HideSolutionNode = FALSE
	EndGlobalSection
	GlobalSection(ExtensibilityGlobals) = postSolution
		SolutionGuid = {8F2A383A-671A-48A8-9038-8EBC30FF7B2D}
	EndGlobalSection
EndGlobal
